
Microsoft Visual Studio Solution File, Format Version 12.00
# Visual Studio Version 17
VisualStudioVersion = 17.0.31903.59
MinimumVisualStudioVersion = 10.0.40219.1
Project("{FAE04EC0-301F-11D3-BF4B-00C04F79EFBC}") = "Marketum.Domain", "Marketum.Domain\Marketum.Domain.csproj", "{A15F2DC1-3849-497C-9CB7-61D336701233}"
EndProject
Project("{FAE04EC0-301F-11D3-BF4B-00C04F79EFBC}") = "Marketum.Persistence", "Marketum.Persistence\Marketum.Persistence.csproj", "{A09B3575-854F-4405-9B02-C7AEE10B9D3B}"
EndProject
Project("{FAE04EC0-301F-11D3-BF4B-00C04F79EFBC}") = "Marketum.Services", "Marketum.Services\Marketum.Services.csproj", "{12AC2EB4-D539-483C-BCC2-E83D61CCE31F}"
EndProject
Project("{FAE04EC0-301F-11D3-BF4B-00C04F79EFBC}") = "Marketum.UI", "Marketum.UI\Marketum.UI.csproj", "{00EE9A10-15B8-4394-8A9F-AED699F2F9AC}"
EndProject
Project("{FAE04EC0-301F-11D3-BF4B-00C04F79EFBC}") = "Marketum.Tests", "Marketum.Tests\Marketum.Tests.csproj", "{4D610EB0-7737-4152-B8FE-0FD03578AB19}"
EndProject
Global
	GlobalSection(SolutionConfigurationPlatforms) = preSolution
		Debug|Any CPU = Debug|Any CPU
		Debug|x64 = Debug|x64
		Debug|x86 = Debug|x86
		Release|Any CPU = Release|Any CPU
		Release|x64 = Release|x64
		Release|x86 = Release|x86
	EndGlobalSection
	GlobalSection(ProjectConfigurationPlatforms) = postSolution
		{A15F2DC1-3849-497C-9CB7-61D336701233}.Debug|Any CPU.ActiveCfg = Debug|Any CPU
		{A15F2DC1-3849-497C-9CB7-61D336701233}.Debug|Any CPU.Build.0 = Debug|Any CPU
		{A15F2DC1-3849-497C-9CB7-61D336701233}.Debug|x64.ActiveCfg = Debug|Any CPU
		{A15F2DC1-3849-497C-9CB7-61D336701233}.Debug|x64.Build.0 = Debug|Any CPU
		{A15F2DC1-3849-497C-9CB7-61D336701233}.Debug|x86.ActiveCfg = Debug|Any CPU
		{A15F2DC1-3849-497C-9CB7-61D336701233}.Debug|x86.Build.0 = Debug|Any CPU
		{A15F2DC1-3849-497C-9CB7-61D336701233}.Release|Any CPU.ActiveCfg = Release|Any CPU
		{A15F2DC1-3849-497C-9CB7-61D336701233}.Release|Any CPU.Build.0 = Release|Any CPU
		{A15F2DC1-3849-497C-9CB7-61D336701233}.Release|x64.ActiveCfg = Release|Any CPU
		{A15F2DC1-3849-497C-9CB7-61D336701233}.Release|x64.Build.0 = Release|Any CPU
		{A15F2DC1-3849-497C-9CB7-61D336701233}.Release|x86.ActiveCfg = Release|Any CPU
		{A15F2DC1-3849-497C-9CB7-61D336701233}.Release|x86.Build.0 = Release|Any CPU
		{A09B3575-854F-4405-9B02-C7AEE10B9D3B}.Debug|Any CPU.ActiveCfg = Debug|Any CPU
		{A09B3575-854F-4405-9B02-C7AEE10B9D3B}.Debug|Any CPU.Build.0 = Debug|Any CPU
		{A09B3575-854F-4405-9B02-C7AEE10B9D3B}.Debug|x64.ActiveCfg = Debug|Any CPU
		{A09B3575-854F-4405-9B02-C7AEE10B9D3B}.Debug|x64.Build.0 = Debug|Any CPU
		{A09B3575-854F-4405-9B02-C7AEE10B9D3B}.Debug|x86.ActiveCfg = Debug|Any CPU
		{A09B3575-854F-4405-9B02-C7AEE10B9D3B}.Debug|x86.Build.0 = Debug|Any CPU
		{A09B3575-854F-4405-9B02-C7AEE10B9D3B}.Release|Any CPU.ActiveCfg = Release|Any CPU
		{A09B3575-854F-4405-9B02-C7AEE10B9D3B}.Release|Any CPU.Build.0 = Release|Any CPU
		{A09B3575-854F-4405-9B02-C7AEE10B9D3B}.Release|x64.ActiveCfg = Release|Any CPU
		{A09B3575-854F-4405-9B02-C7AEE10B9D3B}.Release|x64.Build.0 = Release|Any CPU
		{A09B3575-854F-4405-9B02-C7AEE10B9D3B}.Release|x86.ActiveCfg = Release|Any CPU
		{A09B3575-854F-4405-9B02-C7AEE10B9D3B}.Release|x86.Build.0 = Release|Any CPU
		{12AC2EB4-D539-483C-BCC2-E83D61CCE31F}.Debug|Any CPU.ActiveCfg = Debug|Any CPU
		{12AC2EB4-D539-483C-BCC2-E83D61CCE31F}.Debug|Any CPU.Build.0 = Debug|Any CPU
		{12AC2EB4-D539-483C-BCC2-E83D61CCE31F}.Debug|x64.ActiveCfg = Debug|Any CPU
		{12AC2EB4-D539-483C-BCC2-E83D61CCE31F}.Debug|x64.Build.0 = Debug|Any CPU
		{12AC2EB4-D539-483C-BCC2-E83D61CCE31F}.Debug|x86.ActiveCfg = Debug|Any CPU
		{12AC2EB4-D539-483C-BCC2-E83D61CCE31F}.Debug|x86.Build.0 = Debug|Any CPU
		{12AC2EB4-D539-483C-BCC2-E83D61CCE31F}.Release|Any CPU.ActiveCfg = Release|Any CPU
		{12AC2EB4-D539-483C-BCC2-E83D61CCE31F}.Release|Any CPU.Build.0 = Release|Any CPU
		{12AC2EB4-D539-483C-BCC2-E83D61CCE31F}.Release|x64.ActiveCfg = Release|Any CPU
		{12AC2EB4-D539-483C-BCC2-E83D61CCE31F}.Release|x64.Build.0 = Release|Any CPU
		{12AC2EB4-D539-483C-BCC2-E83D61CCE31F}.Release|x86.ActiveCfg = Release|Any CPU
		{12AC2EB4-D539-483C-BCC2-E83D61CCE31F}.Release|x86.Build.0 = Release|Any CPU
		{00EE9A10-15B8-4394-8A9F-AED699F2F9AC}.Debug|Any CPU.ActiveCfg = Debug|Any CPU
		{00EE9A10-15B8-4394-8A9F-AED699F2F9AC}.Debug|Any CPU.Build.0 = Debug|Any CPU
		{00EE9A10-15B8-4394-8A9F-AED699F2F9AC}.Debug|x64.ActiveCfg = Debug|Any CPU
		{00EE9A10-15B8-4394-8A9F-AED699F2F9AC}.Debug|x64.Build.0 = Debug|Any CPU
		{00EE9A10-15B8-4394-8A9F-AED699F2F9AC}.Debug|x86.ActiveCfg = Debug|Any CPU
		{00EE9A10-15B8-4394-8A9F-AED699F2F9AC}.Debug|x86.Build.0 = Debug|Any CPU
		{00EE9A10-15B8-4394-8A9F-AED699F2F9AC}.Release|Any CPU.ActiveCfg = Release|Any CPU
		{00EE9A10-15B8-4394-8A9F-AED699F2F9AC}.Release|Any CPU.Build.0 = Release|Any CPU
		{00EE9A10-15B8-4394-8A9F-AED699F2F9AC}.Release|x64.ActiveCfg = Release|Any CPU
		{00EE9A10-15B8-4394-8A9F-AED699F2F9AC}.Release|x64.Build.0 = Release|Any CPU
		{00EE9A10-15B8-4394-8A9F-AED699F2F9AC}.Release|x86.ActiveCfg = Release|Any CPU
		{00EE9A10-15B8-4394-8A9F-AED699F2F9AC}.Release|x86.Build.0 = Release|Any CPU
		{4D610EB0-7737-4152-B8FE-0FD03578AB19}.Debug|Any CPU.ActiveCfg = Debug|Any CPU
		{4D610EB0-7737-4152-B8FE-0FD03578AB19}.Debug|Any CPU.Build.0 = Debug|Any CPU
		{4D610EB0-7737-4152-B8FE-0FD03578AB19}.Debug|x64.ActiveCfg = Debug|Any CPU
		{4D610EB0-7737-4152-B8FE-0FD03578AB19}.Debug|x64.Build.0 = Debug|Any CPU
		{4D610EB0-7737-4152-B8FE-0FD03578AB19}.Debug|x86.ActiveCfg = Debug|Any CPU
		{4D610EB0-7737-4152-B8FE-0FD03578AB19}.Debug|x86.Build.0 = Debug|Any CPU
		{4D610EB0-7737-4152-B8FE-0FD03578AB19}.Release|Any CPU.ActiveCfg = Release|Any CPU
		{4D610EB0-7737-4152-B8FE-0FD03578AB19}.Release|Any CPU.Build.0 = Release|Any CPU
		{4D610EB0-7737-4152-B8FE-0FD03578AB19}.Release|x64.ActiveCfg = Release|Any CPU
		{4D610EB0-7737-4152-B8FE-0FD03578AB19}.Release|x64.Build.0 = Release|Any CPU
		{4D610EB0-7737-4152-B8FE-0FD03578AB19}.Release|x86.ActiveCfg = Release|Any CPU
		{4D610EB0-7737-4152-B8FE-0FD03578AB19}.Release|x86.Build.0 = Release|Any CPU
	EndGlobalSection
	GlobalSection(SolutionProperties) = preSolution
		HideSolutionNode = FALSE
	EndGlobalSection
EndGlobal
